
Microsoft Visual Studio Solution File, Format Version 12.00
# Visual Studio Version 17
VisualStudioVersion = 17.0.31919.166
MinimumVisualStudioVersion = 10.0.40219.1
Project("{FAE04EC0-301F-11D3-BF4B-00C04F79EFBC}") = "ActividadPromedioAB_Promedio", "ActividadPromedioAB_Promedio\ActividadPromedioAB_Promedio.csproj", "{A54A07C2-287B-4C0D-9BAA-EC310F9E8FCD}"
EndProject
Global
	GlobalSection(SolutionConfigurationPlatforms) = preSolution
		Debug|Any CPU = Debug|Any CPU
		Release|Any CPU = Release|Any CPU
	EndGlobalSection
	GlobalSection(ProjectConfigurationPlatforms) = postSolution
		{A54A07C2-287B-4C0D-9BAA-EC310F9E8FCD}.Debug|Any CPU.ActiveCfg = Debug|Any CPU
		{A54A07C2-287B-4C0D-9BAA-EC310F9E8FCD}.Debug|Any CPU.Build.0 = Debug|Any CPU
		{A54A07C2-287B-4C0D-9BAA-EC310F9E8FCD}.Release|Any CPU.ActiveCfg = Release|Any CPU
		{A54A07C2-287B-4C0D-9BAA-EC310F9E8FCD}.Release|Any CPU.Build.0 = Release|Any CPU
	EndGlobalSection
	GlobalSection(SolutionProperties) = preSolution
		HideSolutionNode = FALSE
	EndGlobalSection
	GlobalSection(ExtensibilityGlobals) = postSolution
		SolutionGuid = {379A5C7E-6245-41B0-818A-146F3ADE8C7E}
	EndGlobalSection
EndGlobal
